// !$*UTF8*$!
{
	archiveVersion = 1;
	classes = {
	};
	objectVersion = 55;
	objects = {

/* Begin PBXBuildFile section */
		43B344566CF0CF6995CEA85E /* Pods_TryRxSwiftNew.framework in Frameworks */ = {isa = PBXBuildFile; fileRef = DD215E4F073E06738F546B30 /* Pods_TryRxSwiftNew.framework */; };
		EF96DA4A295340560018C435 /* AppDelegate.swift in Sources */ = {isa = PBXBuildFile; fileRef = EF96DA49295340560018C435 /* AppDelegate.swift */; };
		EF96DA4C295340560018C435 /* SceneDelegate.swift in Sources */ = {isa = PBXBuildFile; fileRef = EF96DA4B295340560018C435 /* SceneDelegate.swift */; };
		EF96DA4E295340560018C435 /* ViewController.swift in Sources */ = {isa = PBXBuildFile; fileRef = EF96DA4D295340560018C435 /* ViewController.swift */; };
		EF96DA51295340560018C435 /* Main.storyboard in Resources */ = {isa = PBXBuildFile; fileRef = EF96DA4F295340560018C435 /* Main.storyboard */; };
		EF96DA53295340570018C435 /* Assets.xcassets in Resources */ = {isa = PBXBuildFile; fileRef = EF96DA52295340570018C435 /* Assets.xcassets */; };
		EF96DA56295340570018C435 /* LaunchScreen.storyboard in Resources */ = {isa = PBXBuildFile; fileRef = EF96DA54295340570018C435 /* LaunchScreen.storyboard */; };
/* End PBXBuildFile section */

/* Begin PBXFileReference section */
		7B4A5CD00EF4FD2BF55C2905 /* Pods-TryRxSwiftNew.debug.xcconfig */ = {isa = PBXFileReference; includeInIndex = 1; lastKnownFileType = text.xcconfig; name = "Pods-TryRxSwiftNew.debug.xcconfig"; path = "Target Support Files/Pods-TryRxSwiftNew/Pods-TryRxSwiftNew.debug.xcconfig"; sourceTree = "<group>"; };
		9CA0B907DE5A3C61A7555889 /* Pods-TryRxSwiftNew.release.xcconfig */ = {isa = PBXFileReference; includeInIndex = 1; lastKnownFileType = text.xcconfig; name = "Pods-TryRxSwiftNew.release.xcconfig"; path = "Target Support Files/Pods-TryRxSwiftNew/Pods-TryRxSwiftNew.release.xcconfig"; sourceTree = "<group>"; };
		DD215E4F073E06738F546B30 /* Pods_TryRxSwiftNew.framework */ = {isa = PBXFileReference; explicitFileType = wrapper.framework; includeInIndex = 0; path = Pods_TryRxSwiftNew.framework; sourceTree = BUILT_PRODUCTS_DIR; };
		EF96DA46295340560018C435 /* TryRxSwiftNew.app */ = {isa = PBXFileReference; explicitFileType = wrapper.application; includeInIndex = 0; path = TryRxSwiftNew.app; sourceTree = BUILT_PRODUCTS_DIR; };
		EF96DA49295340560018C435 /* AppDelegate.swift */ = {isa = PBXFileReference; lastKnownFileType = sourcecode.swift; path = AppDelegate.swift; sourceTree = "<group>"; };
		EF96DA4B295340560018C435 /* SceneDelegate.swift */ = {isa = PBXFileReference; lastKnownFileType = sourcecode.swift; path = SceneDelegate.swift; sourceTree = "<group>"; };
		EF96DA4D295340560018C435 /* ViewController.swift */ = {isa = PBXFileReference; lastKnownFileType = sourcecode.swift; path = ViewController.swift; sourceTree = "<group>"; };
		EF96DA50295340560018C435 /* Base */ = {isa = PBXFileReference; lastKnownFileType = file.storyboard; name = Base; path = Base.lproj/Main.storyboard; sourceTree = "<group>"; };
		EF96DA52295340570018C435 /* Assets.xcassets */ = {isa = PBXFileReference; lastKnownFileType = folder.assetcatalog; path = Assets.xcassets; sourceTree = "<group>"; };
		EF96DA55295340570018C435 /* Base */ = {isa = PBXFileReference; lastKnownFileType = file.storyboard; name = Base; path = Base.lproj/LaunchScreen.storyboard; sourceTree = "<group>"; };
		EF96DA57295340570018C435 /* Info.plist */ = {isa = PBXFileReference; lastKnownFileType = text.plist.xml; path = Info.plist; sourceTree = "<group>"; };
/* End PBXFileReference section */

/* Begin PBXFrameworksBuildPhase section */
		EF96DA43295340560018C435 /* Frameworks */ = {
			isa = PBXFrameworksBuildPhase;
			buildActionMask = 2147483647;
			files = (
				43B344566CF0CF6995CEA85E /* Pods_TryRxSwiftNew.framework in Frameworks */,
			);
			runOnlyForDeploymentPostprocessing = 0;
		};
/* End PBXFrameworksBuildPhase section */

/* Begin PBXGroup section */
		B39F4ECDFFD8391A5DF40180 /* Pods */ = {
			isa = PBXGroup;
			children = (
				7B4A5CD00EF4FD2BF55C2905 /* Pods-TryRxSwiftNew.debug.xcconfig */,
				9CA0B907DE5A3C61A7555889 /* Pods-TryRxSwiftNew.release.xcconfig */,
			);
			name = Pods;
			path = Pods;
			sourceTree = "<group>";
		};
		CA10F3DCF10585F9916FBE13 /* Frameworks */ = {
			isa = PBXGroup;
			children = (
				DD215E4F073E06738F546B30 /* Pods_TryRxSwiftNew.framework */,
			);
			name = Frameworks;
			sourceTree = "<group>";
		};
		EF96DA3D295340560018C435 = {
			isa = PBXGroup;
			children = (
				EF96DA48295340560018C435 /* TryRxSwiftNew */,
				EF96DA47295340560018C435 /* Products */,
				B39F4ECDFFD8391A5DF40180 /* Pods */,
				CA10F3DCF10585F9916FBE13 /* Frameworks */,
			);
			sourceTree = "<group>";
		};
		EF96DA47295340560018C435 /* Products */ = {
			isa = PBXGroup;
			children = (
				EF96DA46295340560018C435 /* TryRxSwiftNew.app */,
			);
			name = Products;
			sourceTree = "<group>";
		};
		EF96DA48295340560018C435 /* TryRxSwiftNew */ = {
			isa = PBXGroup;
			children = (
				EF96DA49295340560018C435 /* AppDelegate.swift */,
				EF96DA4B295340560018C435 /* SceneDelegate.swift */,
				EF96DA4D295340560018C435 /* ViewController.swift */,
				EF96DA4F295340560018C435 /* Main.storyboard */,
				EF96DA52295340570018C435 /* Assets.xcassets */,
				EF96DA54295340570018C435 /* LaunchScreen.storyboard */,
				EF96DA57295340570018C435 /* Info.plist */,
			);
			path = TryRxSwiftNew;
			sourceTree = "<group>";
		};
/* End PBXGroup section */

/* Begin PBXNativeTarget section */
		EF96DA45295340560018C435 /* TryRxSwiftNew */ = {
			isa = PBXNativeTarget;
			buildConfigurationList = EF96DA5A295340570018C435 /* Build configuration list for PBXNativeTarget "TryRxSwiftNew" */;
			buildPhases = (
				FE738EAFF2223972FE992B7F /* [CP] Check Pods Manifest.lock */,
				EF96DA42295340560018C435 /* Sources */,
				EF96DA43295340560018C435 /* Frameworks */,
				EF96DA44295340560018C435 /* Resources */,
				4FF2A4FDF7679A58E057F441 /* [CP] Embed Pods Frameworks */,
			);
			buildRules = (
			);
			dependencies = (
			);
			name = TryRxSwiftNew;
			productName = TryRxSwiftNew;
			productReference = EF96DA46295340560018C435 /* TryRxSwiftNew.app */;
			productType = "com.apple.product-type.application";
		};
/* End PBXNativeTarget section */

/* Begin PBXProject section */
		EF96DA3E295340560018C435 /* Project object */ = {
			isa = PBXProject;
			attributes = {
				BuildIndependentTargetsInParallel = 1;
				LastSwiftUpdateCheck = 1400;
				LastUpgradeCheck = 1400;
				TargetAttributes = {
					EF96DA45295340560018C435 = {
						CreatedOnToolsVersion = 14.0;
					};
				};
			};
			buildConfigurationList = EF96DA41295340560018C435 /* Build configuration list for PBXProject "TryRxSwiftNew" */;
			compatibilityVersion = "Xcode 13.0";
			developmentRegion = en;
			hasScannedForEncodings = 0;
			knownRegions = (
				en,
				Base,
			);
			mainGroup = EF96DA3D295340560018C435;
			productRefGroup = EF96DA47295340560018C435 /* Products */;
			projectDirPath = "";
			projectRoot = "";
			targets = (
				EF96DA45295340560018C435 /* TryRxSwiftNew */,
			);
		};
/* End PBXProject section */

/* Begin PBXResourcesBuildPhase section */
		EF96DA44295340560018C435 /* Resources */ = {
			isa = PBXResourcesBuildPhase;
			buildActionMask = 2147483647;
			files = (
				EF96DA56295340570018C435 /* LaunchScreen.storyboard in Resources */,
				EF96DA53295340570018C435 /* Assets.xcassets in Resources */,
				EF96DA51295340560018C435 /* Main.storyboard in Resources */,
			);
			runOnlyForDeploymentPostprocessing = 0;
		};
/* End PBXResourcesBuildPhase section */

/* Begin PBXShellScriptBuildPhase section */
		4FF2A4FDF7679A58E057F441 /* [CP] Embed Pods Frameworks */ = {
			isa = PBXShellScriptBuildPhase;
			buildActionMask = 2147483647;
			files = (
			);
			inputFileListPaths = (
				"${PODS_ROOT}/Target Support Files/Pods-TryRxSwiftNew/Pods-TryRxSwiftNew-frameworks-${CONFIGURATION}-input-files.xcfilelist",
			);
			name = "[CP] Embed Pods Frameworks";
			outputFileListPaths = (
				"${PODS_ROOT}/Target Support Files/Pods-TryRxSwiftNew/Pods-TryRxSwiftNew-frameworks-${CONFIGURATION}-output-files.xcfilelist",
			);
			runOnlyForDeploymentPostprocessing = 0;
			shellPath = /bin/sh;
			shellScript = "\"${PODS_ROOT}/Target Support Files/Pods-TryRxSwiftNew/Pods-TryRxSwiftNew-frameworks.sh\"\n";
			showEnvVarsInLog = 0;
		};
		FE738EAFF2223972FE992B7F /* [CP] Check Pods Manifest.lock */ = {
			isa = PBXShellScriptBuildPhase;
			buildActionMask = 2147483647;
			files = (
			);
			inputFileListPaths = (
			);
			inputPaths = (
				"${PODS_PODFILE_DIR_PATH}/Podfile.lock",
				"${PODS_ROOT}/Manifest.lock",
			);
			name = "[CP] Check Pods Manifest.lock";
			outputFileListPaths = (
			);
			outputPaths = (
				"$(DERIVED_FILE_DIR)/Pods-TryRxSwiftNew-checkManifestLockResult.txt",
			);
			runOnlyForDeploymentPostprocessing = 0;
			shellPath = /bin/sh;
			shellScript = "diff \"${PODS_PODFILE_DIR_PATH}/Podfile.lock\" \"${PODS_ROOT}/Manifest.lock\" > /dev/null\nif [ $? != 0 ] ; then\n    # print error to STDERR\n    echo \"error: The sandbox is not in sync with the Podfile.lock. Run 'pod install' or update your CocoaPods installation.\" >&2\n    exit 1\nfi\n# This output is used by Xcode 'outputs' to avoid re-running this script phase.\necho \"SUCCESS\" > \"${SCRIPT_OUTPUT_FILE_0}\"\n";
			showEnvVarsInLog = 0;
		};
/* End PBXShellScriptBuildPhase section */

/* Begin PBXSourcesBuildPhase section */
		EF96DA42295340560018C435 /* Sources */ = {
			isa = PBXSourcesBuildPhase;
			buildActionMask = 2147483647;
			files = (
				EF96DA4E295340560018C435 /* ViewController.swift in Sources */,
				EF96DA4A295340560018C435 /* AppDelegate.swift in Sources */,
				EF96DA4C295340560018C435 /* SceneDelegate.swift in Sources */,
			);
			runOnlyForDeploymentPostprocessing = 0;
		};
/* End PBXSourcesBuildPhase section */

/* Begin PBXVariantGroup section */
		EF96DA4F295340560018C435 /* Main.storyboard */ = {
			isa = PBXVariantGroup;
			children = (
				EF96DA50295340560018C435 /* Base */,
			);
			name = Main.storyboard;
			sourceTree = "<group>";
		};
		EF96DA54295340570018C435 /* LaunchScreen.storyboard */ = {
			isa = PBXVariantGroup;
			children = (
				EF96DA55295340570018C435 /* Base */,
			);
			name = LaunchScreen.storyboard;
			sourceTree = "<group>";
		};
/* End PBXVariantGroup section */

/* Begin XCBuildConfiguration section */
		EF96DA58295340570018C435 /* Debug */ = {
			isa = XCBuildConfiguration;
			buildSettings = {
				ALWAYS_SEARCH_USER_PATHS = NO;
				CLANG_ANALYZER_NONNULL = YES;
				CLANG_ANALYZER_NUMBER_OBJECT_CONVERSION = YES_AGGRESSIVE;
				CLANG_CXX_LANGUAGE_STANDARD = "gnu++20";
				CLANG_ENABLE_MODULES = YES;
				CLANG_ENABLE_OBJC_ARC = YES;
				CLANG_ENABLE_OBJC_WEAK = YES;
				CLANG_WARN_BLOCK_CAPTURE_AUTORELEASING = YES;
				CLANG_WARN_BOOL_CONVERSION = YES;
				CLANG_WARN_COMMA = YES;
				CLANG_WARN_CONSTANT_CONVERSION = YES;
				CLANG_WARN_DEPRECATED_OBJC_IMPLEMENTATIONS = YES;
				CLANG_WARN_DIRECT_OBJC_ISA_USAGE = YES_ERROR;
				CLANG_WARN_DOCUMENTATION_COMMENTS = YES;
				CLANG_WARN_EMPTY_BODY = YES;
				CLANG_WARN_ENUM_CONVERSION = YES;
				CLANG_WARN_INFINITE_RECURSION = YES;
				CLANG_WARN_INT_CONVERSION = YES;
				CLANG_WARN_NON_LITERAL_NULL_CONVERSION = YES;
				CLANG_WARN_OBJC_IMPLICIT_RETAIN_SELF = YES;
				CLANG_WARN_OBJC_LITERAL_CONVERSION = YES;
				CLANG_WARN_OBJC_ROOT_CLASS = YES_ERROR;
				CLANG_WARN_QUOTED_INCLUDE_IN_FRAMEWORK_HEADER = YES;
				CLANG_WARN_RANGE_LOOP_ANALYSIS = YES;
				CLANG_WARN_STRICT_PROTOTYPES = YES;
				CLANG_WARN_SUSPICIOUS_MOVE = YES;
				CLANG_WARN_UNGUARDED_AVAILABILITY = YES_AGGRESSIVE;
				CLANG_WARN_UNREACHABLE_CODE = YES;
				CLANG_WARN__DUPLICATE_METHOD_MATCH = YES;
				COPY_PHASE_STRIP = NO;
				DEBUG_INFORMATION_FORMAT = dwarf;
				ENABLE_STRICT_OBJC_MSGSEND = YES;
				ENABLE_TESTABILITY = YES;
				GCC_C_LANGUAGE_STANDARD = gnu11;
				GCC_DYNAMIC_NO_PIC = NO;
				GCC_NO_COMMON_BLOCKS = YES;
				GCC_OPTIMIZATION_LEVEL = 0;
				GCC_PREPROCESSOR_DEFINITIONS = (
					"DEBUG=1",
					"$(inherited)",
				);
				GCC_WARN_64_TO_32_BIT_CONVERSION = YES;
				GCC_WARN_ABOUT_RETURN_TYPE = YES_ERROR;
				GCC_WARN_UNDECLARED_SELECTOR = YES;
				GCC_WARN_UNINITIALIZED_AUTOS = YES_AGGRESSIVE;
				GCC_WARN_UNUSED_FUNCTION = YES;
				GCC_WARN_UNUSED_VARIABLE = YES;
				IPHONEOS_DEPLOYMENT_TARGET = 16.0;
				MTL_ENABLE_DEBUG_INFO = INCLUDE_SOURCE;
				MTL_FAST_MATH = YES;
				ONLY_ACTIVE_ARCH = YES;
				SDKROOT = iphoneos;
				SWIFT_ACTIVE_COMPILATION_CONDITIONS = DEBUG;
				SWIFT_OPTIMIZATION_LEVEL = "-Onone";
			};
			name = Debug;
		};
		EF96DA59295340570018C435 /* Release */ = {
			isa = XCBuildConfiguration;
			buildSettings = {
				ALWAYS_SEARCH_USER_PATHS = NO;
				CLANG_ANALYZER_NONNULL = YES;
				CLANG_ANALYZER_NUMBER_OBJECT_CONVERSION = YES_AGGRESSIVE;
				CLANG_CXX_LANGUAGE_STANDARD = "gnu++20";
				CLANG_ENABLE_MODULES = YES;
				CLANG_ENABLE_OBJC_ARC = YES;
				CLANG_ENABLE_OBJC_WEAK = YES;
				CLANG_WARN_BLOCK_CAPTURE_AUTORELEASING = YES;
				CLANG_WARN_BOOL_CONVERSION = YES;
				CLANG_WARN_COMMA = YES;
				CLANG_WARN_CONSTANT_CONVERSION = YES;
				CLANG_WARN_DEPRECATED_OBJC_IMPLEMENTATIONS = YES;
				CLANG_WARN_DIRECT_OBJC_ISA_USAGE = YES_ERROR;
				CLANG_WARN_DOCUMENTATION_COMMENTS = YES;
				CLANG_WARN_EMPTY_BODY = YES;
				CLANG_WARN_ENUM_CONVERSION = YES;
				CLANG_WARN_INFINITE_RECURSION = YES;
				CLANG_WARN_INT_CONVERSION = YES;
				CLANG_WARN_NON_LITERAL_NULL_CONVERSION = YES;
				CLANG_WARN_OBJC_IMPLICIT_RETAIN_SELF = YES;
				CLANG_WARN_OBJC_LITERAL_CONVERSION = YES;
				CLANG_WARN_OBJC_ROOT_CLASS = YES_ERROR;
				CLANG_WARN_QUOTED_INCLUDE_IN_FRAMEWORK_HEADER = YES;
				CLANG_WARN_RANGE_LOOP_ANALYSIS = YES;
				CLANG_WARN_STRICT_PROTOTYPES = YES;
				CLANG_WARN_SUSPICIOUS_MOVE = YES;
				CLANG_WARN_UNGUARDED_AVAILABILITY = YES_AGGRESSIVE;
				CLANG_WARN_UNREACHABLE_CODE = YES;
				CLANG_WARN__DUPLICATE_METHOD_MATCH = YES;
				COPY_PHASE_STRIP = NO;
				DEBUG_INFORMATION_FORMAT = "dwarf-with-dsym";
				ENABLE_NS_ASSERTIONS = NO;
				ENABLE_STRICT_OBJC_MSGSEND = YES;
				GCC_C_LANGUAGE_STANDARD = gnu11;
				GCC_NO_COMMON_BLOCKS = YES;
				GCC_WARN_64_TO_32_BIT_CONVERSION = YES;
				GCC_WARN_ABOUT_RETURN_TYPE = YES_ERROR;
				GCC_WARN_UNDECLARED_SELECTOR = YES;
				GCC_WARN_UNINITIALIZED_AUTOS = YES_AGGRESSIVE;
				GCC_WARN_UNUSED_FUNCTION = YES;
				GCC_WARN_UNUSED_VARIABLE = YES;
				IPHONEOS_DEPLOYMENT_TARGET = 16.0;
				MTL_ENABLE_DEBUG_INFO = NO;
				MTL_FAST_MATH = YES;
				SDKROOT = iphoneos;
				SWIFT_COMPILATION_MODE = wholemodule;
				SWIFT_OPTIMIZATION_LEVEL = "-O";
				VALIDATE_PRODUCT = YES;
			};
			name = Release;
		};
		EF96DA5B295340570018C435 /* Debug */ = {
			isa = XCBuildConfiguration;
			baseConfigurationReference = 7B4A5CD00EF4FD2BF55C2905 /* Pods-TryRxSwiftNew.debug.xcconfig */;
			buildSettings = {
				ASSETCATALOG_COMPILER_APPICON_NAME = AppIcon;
				ASSETCATALOG_COMPILER_GLOBAL_ACCENT_COLOR_NAME = AccentColor;
				CODE_SIGN_STYLE = Automatic;
				CURRENT_PROJECT_VERSION = 1;
				DEVELOPMENT_TEAM = KZ7HWU3SD7;
				GENERATE_INFOPLIST_FILE = YES;
				INFOPLIST_FILE = TryRxSwiftNew/Info.plist;
				INFOPLIST_KEY_UIApplicationSupportsIndirectInputEvents = YES;
				INFOPLIST_KEY_UILaunchStoryboardName = LaunchScreen;
				INFOPLIST_KEY_UIMainStoryboardFile = Main;
				INFOPLIST_KEY_UISupportedInterfaceOrientations_iPad = "UIInterfaceOrientationPortrait UIInterfaceOrientationPortraitUpsideDown UIInterfaceOrientationLandscapeLeft UIInterfaceOrientationLandscapeRight";
				INFOPLIST_KEY_UISupportedInterfaceOrientations_iPhone = "UIInterfaceOrientationPortrait UIInterfaceOrientationLandscapeLeft UIInterfaceOrientationLandscapeRight";
				LD_RUNPATH_SEARCH_PATHS = (
					"$(inherited)",
					"@executable_path/Frameworks",
				);
				MARKETING_VERSION = 1.0;
				PRODUCT_BUNDLE_IDENTIFIER = com.ArapApp.TryRxSwiftNew;
				PRODUCT_NAME = "$(TARGET_NAME)";
				SWIFT_EMIT_LOC_STRINGS = YES;
				SWIFT_VERSION = 5.0;
				TARGETED_DEVICE_FAMILY = "1,2";
			};
			name = Debug;
		};
		EF96DA5C295340570018C435 /* Release */ = {
			isa = XCBuildConfiguration;
			baseConfigurationReference = 9CA0B907DE5A3C61A7555889 /* Pods-TryRxSwiftNew.release.xcconfig */;
			buildSettings = {
				ASSETCATALOG_COMPILER_APPICON_NAME = AppIcon;
				ASSETCATALOG_COMPILER_GLOBAL_ACCENT_COLOR_NAME = AccentColor;
				CODE_SIGN_STYLE = Automatic;
				CURRENT_PROJECT_VERSION = 1;
				DEVELOPMENT_TEAM = KZ7HWU3SD7;
				GENERATE_INFOPLIST_FILE = YES;
				INFOPLIST_FILE = TryRxSwiftNew/Info.plist;
				INFOPLIST_KEY_UIApplicationSupportsIndirectInputEvents = YES;
				INFOPLIST_KEY_UILaunchStoryboardName = LaunchScreen;
				INFOPLIST_KEY_UIMainStoryboardFile = Main;
				INFOPLIST_KEY_UISupportedInterfaceOrientations_iPad = "UIInterfaceOrientationPortrait UIInterfaceOrientationPortraitUpsideDown UIInterfaceOrientationLandscapeLeft UIInterfaceOrientationLandscapeRight";
				INFOPLIST_KEY_UISupportedInterfaceOrientations_iPhone = "UIInterfaceOrientationPortrait UIInterfaceOrientationLandscapeLeft UIInterfaceOrientationLandscapeRight";
				LD_RUNPATH_SEARCH_PATHS = (
					"$(inherited)",
					"@executable_path/Frameworks",
				);
				MARKETING_VERSION = 1.0;
				PRODUCT_BUNDLE_IDENTIFIER = com.ArapApp.TryRxSwiftNew;
				PRODUCT_NAME = "$(TARGET_NAME)";
				SWIFT_EMIT_LOC_STRINGS = YES;
				SWIFT_VERSION = 5.0;
				TARGETED_DEVICE_FAMILY = "1,2";
			};
			name = Release;
		};
/* End XCBuildConfiguration section */

/* Begin XCConfigurationList section */
		EF96DA41295340560018C435 /* Build configuration list for PBXProject "TryRxSwiftNew" */ = {
			isa = XCConfigurationList;
			buildConfigurations = (
				EF96DA58295340570018C435 /* Debug */,
				EF96DA59295340570018C435 /* Release */,
			);
			defaultConfigurationIsVisible = 0;
			defaultConfigurationName = Release;
		};
		EF96DA5A295340570018C435 /* Build configuration list for PBXNativeTarget "TryRxSwiftNew" */ = {
			isa = XCConfigurationList;
			buildConfigurations = (
				EF96DA5B295340570018C435 /* Debug */,
				EF96DA5C295340570018C435 /* Release */,
			);
			defaultConfigurationIsVisible = 0;
			defaultConfigurationName = Release;
		};
/* End XCConfigurationList section */
	};
	rootObject = EF96DA3E295340560018C435 /* Project object */;
}
